
Microsoft Visual Studio Solution File, Format Version 12.00
# Visual Studio Version 17
VisualStudioVersion = 17.3.32922.545
MinimumVisualStudioVersion = 10.0.40219.1
Project("{FAE04EC0-301F-11D3-BF4B-00C04F79EFBC}") = "QuanLyDeTai", "QuanLyDeTai.csproj", "{84C2DE4F-67D1-4972-B4E0-F86D778F76BA}"
EndProject
Global
	GlobalSection(SolutionConfigurationPlatforms) = preSolution
		Debug|Any CPU = Debug|Any CPU
		Release|Any CPU = Release|Any CPU
	EndGlobalSection
	GlobalSection(ProjectConfigurationPlatforms) = postSolution
		{84C2DE4F-67D1-4972-B4E0-F86D778F76BA}.Debug|Any CPU.ActiveCfg = Debug|Any CPU
		{84C2DE4F-67D1-4972-B4E0-F86D778F76BA}.Debug|Any CPU.Build.0 = Debug|Any CPU
		{84C2DE4F-67D1-4972-B4E0-F86D778F76BA}.Release|Any CPU.ActiveCfg = Release|Any CPU
		{84C2DE4F-67D1-4972-B4E0-F86D778F76BA}.Release|Any CPU.Build.0 = Release|Any CPU
	EndGlobalSection
	GlobalSection(SolutionProperties) = preSolution
		HideSolutionNode = FALSE
	EndGlobalSection
	GlobalSection(ExtensibilityGlobals) = postSolution
		SolutionGuid = {9CABA4F9-34DD-4DCE-AF53-B4F520C73F17}
	EndGlobalSection
EndGlobal
